
Microsoft Visual Studio Solution File, Format Version 12.00
# Visual Studio 15
VisualStudioVersion = 15.0.26228.9
MinimumVisualStudioVersion = 10.0.40219.1
Project("{FAE04EC0-301F-11D3-BF4B-00C04F79EFBC}") = "WPFDemo", "WPFDemo\WPFDemo.csproj", "{1D8D6BDE-DCFC-463B-9EE0-486BAF74B841}"
EndProject
Project("{FAE04EC0-301F-11D3-BF4B-00C04F79EFBC}") = "HelloWPF", "HelloWPF\HelloWPF.csproj", "{F138F558-7D12-413D-A69B-F8BEC70683B5}"
EndProject
Project("{FAE04EC0-301F-11D3-BF4B-00C04F79EFBC}") = "SingleInstanceWithCommunication", "SingleInstanceWithCommunication\SingleInstanceWithCommunication.csproj", "{029F5CFB-B722-456E-8141-D54AE4D0910D}"
EndProject
Project("{FAE04EC0-301F-11D3-BF4B-00C04F79EFBC}") = "SimpleDialog", "SimpleDialog\SimpleDialog.csproj", "{60DA5053-AAAF-4679-850A-09D840A525A5}"
EndProject
Global
	GlobalSection(SolutionConfigurationPlatforms) = preSolution
		Debug|Any CPU = Debug|Any CPU
		Release|Any CPU = Release|Any CPU
	EndGlobalSection
	GlobalSection(ProjectConfigurationPlatforms) = postSolution
		{1D8D6BDE-DCFC-463B-9EE0-486BAF74B841}.Debug|Any CPU.ActiveCfg = Debug|Any CPU
		{1D8D6BDE-DCFC-463B-9EE0-486BAF74B841}.Debug|Any CPU.Build.0 = Debug|Any CPU
		{1D8D6BDE-DCFC-463B-9EE0-486BAF74B841}.Release|Any CPU.ActiveCfg = Release|Any CPU
		{1D8D6BDE-DCFC-463B-9EE0-486BAF74B841}.Release|Any CPU.Build.0 = Release|Any CPU
		{F138F558-7D12-413D-A69B-F8BEC70683B5}.Debug|Any CPU.ActiveCfg = Debug|Any CPU
		{F138F558-7D12-413D-A69B-F8BEC70683B5}.Debug|Any CPU.Build.0 = Debug|Any CPU
		{F138F558-7D12-413D-A69B-F8BEC70683B5}.Release|Any CPU.ActiveCfg = Release|Any CPU
		{F138F558-7D12-413D-A69B-F8BEC70683B5}.Release|Any CPU.Build.0 = Release|Any CPU
		{029F5CFB-B722-456E-8141-D54AE4D0910D}.Debug|Any CPU.ActiveCfg = Debug|Any CPU
		{029F5CFB-B722-456E-8141-D54AE4D0910D}.Debug|Any CPU.Build.0 = Debug|Any CPU
		{029F5CFB-B722-456E-8141-D54AE4D0910D}.Release|Any CPU.ActiveCfg = Release|Any CPU
		{029F5CFB-B722-456E-8141-D54AE4D0910D}.Release|Any CPU.Build.0 = Release|Any CPU
		{60DA5053-AAAF-4679-850A-09D840A525A5}.Debug|Any CPU.ActiveCfg = Debug|Any CPU
		{60DA5053-AAAF-4679-850A-09D840A525A5}.Debug|Any CPU.Build.0 = Debug|Any CPU
		{60DA5053-AAAF-4679-850A-09D840A525A5}.Release|Any CPU.ActiveCfg = Release|Any CPU
		{60DA5053-AAAF-4679-850A-09D840A525A5}.Release|Any CPU.Build.0 = Release|Any CPU
	EndGlobalSection
	GlobalSection(SolutionProperties) = preSolution
		HideSolutionNode = FALSE
	EndGlobalSection
EndGlobal
